// !$*UTF8*$!
{
	archiveVersion = 1;
	classes = {
	};
	objectVersion = 50;
	objects = {

/* Begin PBXBuildFile section */
		7E92CE1B23A31921002826CC /* StartRulesScreenVC.swift in Sources */ = {isa = PBXBuildFile; fileRef = 7E92CE1A23A31921002826CC /* StartRulesScreenVC.swift */; };
		7E980DC023A1CCB600715C06 /* StartScreenViewController.swift in Sources */ = {isa = PBXBuildFile; fileRef = 7E980DBF23A1CCB600715C06 /* StartScreenViewController.swift */; };
		7E98C748239E0DBF00E296F5 /* Rules.swift in Sources */ = {isa = PBXBuildFile; fileRef = 7E98C747239E0DBF00E296F5 /* Rules.swift */; };
		7EA9E88023978895005B2103 /* AppDelegate.swift in Sources */ = {isa = PBXBuildFile; fileRef = 7EA9E87F23978895005B2103 /* AppDelegate.swift */; };
		7EA9E88223978895005B2103 /* SceneDelegate.swift in Sources */ = {isa = PBXBuildFile; fileRef = 7EA9E88123978895005B2103 /* SceneDelegate.swift */; };
		7EA9E88423978895005B2103 /* ViewController.swift in Sources */ = {isa = PBXBuildFile; fileRef = 7EA9E88323978895005B2103 /* ViewController.swift */; };
		7EA9E88723978895005B2103 /* Main.storyboard in Resources */ = {isa = PBXBuildFile; fileRef = 7EA9E88523978895005B2103 /* Main.storyboard */; };
		7EA9E88923978896005B2103 /* Assets.xcassets in Resources */ = {isa = PBXBuildFile; fileRef = 7EA9E88823978896005B2103 /* Assets.xcassets */; };
		7EA9E88C23978896005B2103 /* LaunchScreen.storyboard in Resources */ = {isa = PBXBuildFile; fileRef = 7EA9E88A23978896005B2103 /* LaunchScreen.storyboard */; };
		7EFE191323A21C130069C994 /* AceGuidePopUpVC.swift in Sources */ = {isa = PBXBuildFile; fileRef = 7EFE191223A21C130069C994 /* AceGuidePopUpVC.swift */; };
		7EFE191523A21F8D0069C994 /* TwoGuidePopUpVC.swift in Sources */ = {isa = PBXBuildFile; fileRef = 7EFE191423A21F8D0069C994 /* TwoGuidePopUpVC.swift */; };
		7EFE191723A2245E0069C994 /* ThreeGuidePopUpVC.swift in Sources */ = {isa = PBXBuildFile; fileRef = 7EFE191623A2245E0069C994 /* ThreeGuidePopUpVC.swift */; };
		7EFE191923A224700069C994 /* FourGuidePopUpVC.swift in Sources */ = {isa = PBXBuildFile; fileRef = 7EFE191823A224700069C994 /* FourGuidePopUpVC.swift */; };
		7EFE191B23A224870069C994 /* FiveGuidePopUpVC.swift in Sources */ = {isa = PBXBuildFile; fileRef = 7EFE191A23A224870069C994 /* FiveGuidePopUpVC.swift */; };
		7EFE191D23A2249F0069C994 /* SixGuidePopUpVC.swift in Sources */ = {isa = PBXBuildFile; fileRef = 7EFE191C23A2249F0069C994 /* SixGuidePopUpVC.swift */; };
		7EFE192123A224DC0069C994 /* EightGuidePopUpVC.swift in Sources */ = {isa = PBXBuildFile; fileRef = 7EFE192023A224DC0069C994 /* EightGuidePopUpVC.swift */; };
		7EFE192323A224F50069C994 /* SevenGuidePopUpVC.swift in Sources */ = {isa = PBXBuildFile; fileRef = 7EFE192223A224F50069C994 /* SevenGuidePopUpVC.swift */; };
		7EFE192523A2250D0069C994 /* NineGuidePopUpVC.swift in Sources */ = {isa = PBXBuildFile; fileRef = 7EFE192423A2250D0069C994 /* NineGuidePopUpVC.swift */; };
		7EFE192723A225230069C994 /* TenGuidePopUpVC.swift in Sources */ = {isa = PBXBuildFile; fileRef = 7EFE192623A225230069C994 /* TenGuidePopUpVC.swift */; };
		7EFE192923A2253B0069C994 /* JackGuidePopUpVC.swift in Sources */ = {isa = PBXBuildFile; fileRef = 7EFE192823A2253B0069C994 /* JackGuidePopUpVC.swift */; };
		7EFE192B23A2254C0069C994 /* QueenGuidePopUpVC.swift in Sources */ = {isa = PBXBuildFile; fileRef = 7EFE192A23A2254C0069C994 /* QueenGuidePopUpVC.swift */; };
		7EFE192D23A2255C0069C994 /* KingGuidePopUpVC.swift in Sources */ = {isa = PBXBuildFile; fileRef = 7EFE192C23A2255C0069C994 /* KingGuidePopUpVC.swift */; };
/* End PBXBuildFile section */

/* Begin PBXFileReference section */
		7E92CE1A23A31921002826CC /* StartRulesScreenVC.swift */ = {isa = PBXFileReference; lastKnownFileType = sourcecode.swift; path = StartRulesScreenVC.swift; sourceTree = "<group>"; };
		7E980DBF23A1CCB600715C06 /* StartScreenViewController.swift */ = {isa = PBXFileReference; lastKnownFileType = sourcecode.swift; path = StartScreenViewController.swift; sourceTree = "<group>"; };
		7E98C747239E0DBF00E296F5 /* Rules.swift */ = {isa = PBXFileReference; lastKnownFileType = sourcecode.swift; path = Rules.swift; sourceTree = "<group>"; };
		7EA9E87C23978895005B2103 /* Party_Foul.app */ = {isa = PBXFileReference; explicitFileType = wrapper.application; includeInIndex = 0; path = Party_Foul.app; sourceTree = BUILT_PRODUCTS_DIR; };
		7EA9E87F23978895005B2103 /* AppDelegate.swift */ = {isa = PBXFileReference; lastKnownFileType = sourcecode.swift; path = AppDelegate.swift; sourceTree = "<group>"; };
		7EA9E88123978895005B2103 /* SceneDelegate.swift */ = {isa = PBXFileReference; lastKnownFileType = sourcecode.swift; path = SceneDelegate.swift; sourceTree = "<group>"; };
		7EA9E88323978895005B2103 /* ViewController.swift */ = {isa = PBXFileReference; lastKnownFileType = sourcecode.swift; path = ViewController.swift; sourceTree = "<group>"; };
		7EA9E88623978895005B2103 /* Base */ = {isa = PBXFileReference; lastKnownFileType = file.storyboard; name = Base; path = Base.lproj/Main.storyboard; sourceTree = "<group>"; };
		7EA9E88823978896005B2103 /* Assets.xcassets */ = {isa = PBXFileReference; lastKnownFileType = folder.assetcatalog; path = Assets.xcassets; sourceTree = "<group>"; };
		7EA9E88B23978896005B2103 /* Base */ = {isa = PBXFileReference; lastKnownFileType = file.storyboard; name = Base; path = Base.lproj/LaunchScreen.storyboard; sourceTree = "<group>"; };
		7EA9E88D23978896005B2103 /* Info.plist */ = {isa = PBXFileReference; lastKnownFileType = text.plist.xml; path = Info.plist; sourceTree = "<group>"; };
		7EFE191223A21C130069C994 /* AceGuidePopUpVC.swift */ = {isa = PBXFileReference; lastKnownFileType = sourcecode.swift; path = AceGuidePopUpVC.swift; sourceTree = "<group>"; };
		7EFE191423A21F8D0069C994 /* TwoGuidePopUpVC.swift */ = {isa = PBXFileReference; lastKnownFileType = sourcecode.swift; path = TwoGuidePopUpVC.swift; sourceTree = "<group>"; };
		7EFE191623A2245E0069C994 /* ThreeGuidePopUpVC.swift */ = {isa = PBXFileReference; lastKnownFileType = sourcecode.swift; path = ThreeGuidePopUpVC.swift; sourceTree = "<group>"; };
		7EFE191823A224700069C994 /* FourGuidePopUpVC.swift */ = {isa = PBXFileReference; lastKnownFileType = sourcecode.swift; path = FourGuidePopUpVC.swift; sourceTree = "<group>"; };
		7EFE191A23A224870069C994 /* FiveGuidePopUpVC.swift */ = {isa = PBXFileReference; lastKnownFileType = sourcecode.swift; path = FiveGuidePopUpVC.swift; sourceTree = "<group>"; };
		7EFE191C23A2249F0069C994 /* SixGuidePopUpVC.swift */ = {isa = PBXFileReference; lastKnownFileType = sourcecode.swift; path = SixGuidePopUpVC.swift; sourceTree = "<group>"; };
		7EFE192023A224DC0069C994 /* EightGuidePopUpVC.swift */ = {isa = PBXFileReference; lastKnownFileType = sourcecode.swift; path = EightGuidePopUpVC.swift; sourceTree = "<group>"; };
		7EFE192223A224F50069C994 /* SevenGuidePopUpVC.swift */ = {isa = PBXFileReference; lastKnownFileType = sourcecode.swift; path = SevenGuidePopUpVC.swift; sourceTree = "<group>"; };
		7EFE192423A2250D0069C994 /* NineGuidePopUpVC.swift */ = {isa = PBXFileReference; lastKnownFileType = sourcecode.swift; path = NineGuidePopUpVC.swift; sourceTree = "<group>"; };
		7EFE192623A225230069C994 /* TenGuidePopUpVC.swift */ = {isa = PBXFileReference; lastKnownFileType = sourcecode.swift; path = TenGuidePopUpVC.swift; sourceTree = "<group>"; };
		7EFE192823A2253B0069C994 /* JackGuidePopUpVC.swift */ = {isa = PBXFileReference; lastKnownFileType = sourcecode.swift; path = JackGuidePopUpVC.swift; sourceTree = "<group>"; };
		7EFE192A23A2254C0069C994 /* QueenGuidePopUpVC.swift */ = {isa = PBXFileReference; lastKnownFileType = sourcecode.swift; path = QueenGuidePopUpVC.swift; sourceTree = "<group>"; };
		7EFE192C23A2255C0069C994 /* KingGuidePopUpVC.swift */ = {isa = PBXFileReference; lastKnownFileType = sourcecode.swift; path = KingGuidePopUpVC.swift; sourceTree = "<group>"; };
/* End PBXFileReference section */

/* Begin PBXFrameworksBuildPhase section */
		7EA9E87923978895005B2103 /* Frameworks */ = {
			isa = PBXFrameworksBuildPhase;
			buildActionMask = 2147483647;
			files = (
			);
			runOnlyForDeploymentPostprocessing = 0;
		};
/* End PBXFrameworksBuildPhase section */

/* Begin PBXGroup section */
		7EA9E87323978895005B2103 = {
			isa = PBXGroup;
			children = (
				7EA9E87E23978895005B2103 /* Party_Foul */,
				7EA9E87D23978895005B2103 /* Products */,
			);
			sourceTree = "<group>";
		};
		7EA9E87D23978895005B2103 /* Products */ = {
			isa = PBXGroup;
			children = (
				7EA9E87C23978895005B2103 /* Party_Foul.app */,
			);
			name = Products;
			sourceTree = "<group>";
		};
		7EA9E87E23978895005B2103 /* Party_Foul */ = {
			isa = PBXGroup;
			children = (
				7EA9E87F23978895005B2103 /* AppDelegate.swift */,
				7EA9E88123978895005B2103 /* SceneDelegate.swift */,
				7EA9E88323978895005B2103 /* ViewController.swift */,
				7E98C747239E0DBF00E296F5 /* Rules.swift */,
				7EA9E88523978895005B2103 /* Main.storyboard */,
				7E980DBF23A1CCB600715C06 /* StartScreenViewController.swift */,
				7EA9E88823978896005B2103 /* Assets.xcassets */,
				7E92CE1A23A31921002826CC /* StartRulesScreenVC.swift */,
				7EA9E88A23978896005B2103 /* LaunchScreen.storyboard */,
				7EA9E88D23978896005B2103 /* Info.plist */,
				7EFE191223A21C130069C994 /* AceGuidePopUpVC.swift */,
				7EFE191423A21F8D0069C994 /* TwoGuidePopUpVC.swift */,
				7EFE191623A2245E0069C994 /* ThreeGuidePopUpVC.swift */,
				7EFE191823A224700069C994 /* FourGuidePopUpVC.swift */,
				7EFE191A23A224870069C994 /* FiveGuidePopUpVC.swift */,
				7EFE191C23A2249F0069C994 /* SixGuidePopUpVC.swift */,
				7EFE192223A224F50069C994 /* SevenGuidePopUpVC.swift */,
				7EFE192023A224DC0069C994 /* EightGuidePopUpVC.swift */,
				7EFE192423A2250D0069C994 /* NineGuidePopUpVC.swift */,
				7EFE192623A225230069C994 /* TenGuidePopUpVC.swift */,
				7EFE192823A2253B0069C994 /* JackGuidePopUpVC.swift */,
				7EFE192A23A2254C0069C994 /* QueenGuidePopUpVC.swift */,
				7EFE192C23A2255C0069C994 /* KingGuidePopUpVC.swift */,
			);
			path = Party_Foul;
			sourceTree = "<group>";
		};
/* End PBXGroup section */

/* Begin PBXNativeTarget section */
		7EA9E87B23978895005B2103 /* Party_Foul */ = {
			isa = PBXNativeTarget;
			buildConfigurationList = 7EA9E89023978896005B2103 /* Build configuration list for PBXNativeTarget "Party_Foul" */;
			buildPhases = (
				7EA9E87823978895005B2103 /* Sources */,
				7EA9E87923978895005B2103 /* Frameworks */,
				7EA9E87A23978895005B2103 /* Resources */,
			);
			buildRules = (
			);
			dependencies = (
			);
			name = Party_Foul;
			productName = Party_Foul;
			productReference = 7EA9E87C23978895005B2103 /* Party_Foul.app */;
			productType = "com.apple.product-type.application";
		};
/* End PBXNativeTarget section */

/* Begin PBXProject section */
		7EA9E87423978895005B2103 /* Project object */ = {
			isa = PBXProject;
			attributes = {
				LastSwiftUpdateCheck = 1120;
				LastUpgradeCheck = 1120;
				ORGANIZATIONNAME = "Lance Santos";
				TargetAttributes = {
					7EA9E87B23978895005B2103 = {
						CreatedOnToolsVersion = 11.2.1;
					};
				};
			};
			buildConfigurationList = 7EA9E87723978895005B2103 /* Build configuration list for PBXProject "Party_Foul" */;
			compatibilityVersion = "Xcode 9.3";
			developmentRegion = en;
			hasScannedForEncodings = 0;
			knownRegions = (
				en,
				Base,
			);
			mainGroup = 7EA9E87323978895005B2103;
			productRefGroup = 7EA9E87D23978895005B2103 /* Products */;
			projectDirPath = "";
			projectRoot = "";
			targets = (
				7EA9E87B23978895005B2103 /* Party_Foul */,
			);
		};
/* End PBXProject section */

/* Begin PBXResourcesBuildPhase section */
		7EA9E87A23978895005B2103 /* Resources */ = {
			isa = PBXResourcesBuildPhase;
			buildActionMask = 2147483647;
			files = (
				7EA9E88C23978896005B2103 /* LaunchScreen.storyboard in Resources */,
				7EA9E88923978896005B2103 /* Assets.xcassets in Resources */,
				7EA9E88723978895005B2103 /* Main.storyboard in Resources */,
			);
			runOnlyForDeploymentPostprocessing = 0;
		};
/* End PBXResourcesBuildPhase section */

/* Begin PBXSourcesBuildPhase section */
		7EA9E87823978895005B2103 /* Sources */ = {
			isa = PBXSourcesBuildPhase;
			buildActionMask = 2147483647;
			files = (
				7EFE192523A2250D0069C994 /* NineGuidePopUpVC.swift in Sources */,
				7EFE192B23A2254C0069C994 /* QueenGuidePopUpVC.swift in Sources */,
				7EA9E88423978895005B2103 /* ViewController.swift in Sources */,
				7EFE192723A225230069C994 /* TenGuidePopUpVC.swift in Sources */,
				7EFE191323A21C130069C994 /* AceGuidePopUpVC.swift in Sources */,
				7EFE191B23A224870069C994 /* FiveGuidePopUpVC.swift in Sources */,
				7E98C748239E0DBF00E296F5 /* Rules.swift in Sources */,
				7EFE192D23A2255C0069C994 /* KingGuidePopUpVC.swift in Sources */,
				7EFE192923A2253B0069C994 /* JackGuidePopUpVC.swift in Sources */,
				7EFE191723A2245E0069C994 /* ThreeGuidePopUpVC.swift in Sources */,
				7EA9E88023978895005B2103 /* AppDelegate.swift in Sources */,
				7EFE191D23A2249F0069C994 /* SixGuidePopUpVC.swift in Sources */,
				7EFE191923A224700069C994 /* FourGuidePopUpVC.swift in Sources */,
				7EFE191523A21F8D0069C994 /* TwoGuidePopUpVC.swift in Sources */,
				7EFE192323A224F50069C994 /* SevenGuidePopUpVC.swift in Sources */,
				7EA9E88223978895005B2103 /* SceneDelegate.swift in Sources */,
				7EFE192123A224DC0069C994 /* EightGuidePopUpVC.swift in Sources */,
				7E92CE1B23A31921002826CC /* StartRulesScreenVC.swift in Sources */,
				7E980DC023A1CCB600715C06 /* StartScreenViewController.swift in Sources */,
			);
			runOnlyForDeploymentPostprocessing = 0;
		};
/* End PBXSourcesBuildPhase section */

/* Begin PBXVariantGroup section */
		7EA9E88523978895005B2103 /* Main.storyboard */ = {
			isa = PBXVariantGroup;
			children = (
				7EA9E88623978895005B2103 /* Base */,
			);
			name = Main.storyboard;
			sourceTree = "<group>";
		};
		7EA9E88A23978896005B2103 /* LaunchScreen.storyboard */ = {
			isa = PBXVariantGroup;
			children = (
				7EA9E88B23978896005B2103 /* Base */,
			);
			name = LaunchScreen.storyboard;
			sourceTree = "<group>";
		};
/* End PBXVariantGroup section */

/* Begin XCBuildConfiguration section */
		7EA9E88E23978896005B2103 /* Debug */ = {
			isa = XCBuildConfiguration;
			buildSettings = {
				ALWAYS_SEARCH_USER_PATHS = NO;
				CLANG_ANALYZER_NONNULL = YES;
				CLANG_ANALYZER_NUMBER_OBJECT_CONVERSION = YES_AGGRESSIVE;
				CLANG_CXX_LANGUAGE_STANDARD = "gnu++14";
				CLANG_CXX_LIBRARY = "libc++";
				CLANG_ENABLE_MODULES = YES;
				CLANG_ENABLE_OBJC_ARC = YES;
				CLANG_ENABLE_OBJC_WEAK = YES;
				CLANG_WARN_BLOCK_CAPTURE_AUTORELEASING = YES;
				CLANG_WARN_BOOL_CONVERSION = YES;
				CLANG_WARN_COMMA = YES;
				CLANG_WARN_CONSTANT_CONVERSION = YES;
				CLANG_WARN_DEPRECATED_OBJC_IMPLEMENTATIONS = YES;
				CLANG_WARN_DIRECT_OBJC_ISA_USAGE = YES_ERROR;
				CLANG_WARN_DOCUMENTATION_COMMENTS = YES;
				CLANG_WARN_EMPTY_BODY = YES;
				CLANG_WARN_ENUM_CONVERSION = YES;
				CLANG_WARN_INFINITE_RECURSION = YES;
				CLANG_WARN_INT_CONVERSION = YES;
				CLANG_WARN_NON_LITERAL_NULL_CONVERSION = YES;
				CLANG_WARN_OBJC_IMPLICIT_RETAIN_SELF = YES;
				CLANG_WARN_OBJC_LITERAL_CONVERSION = YES;
				CLANG_WARN_OBJC_ROOT_CLASS = YES_ERROR;
				CLANG_WARN_RANGE_LOOP_ANALYSIS = YES;
				CLANG_WARN_STRICT_PROTOTYPES = YES;
				CLANG_WARN_SUSPICIOUS_MOVE = YES;
				CLANG_WARN_UNGUARDED_AVAILABILITY = YES_AGGRESSIVE;
				CLANG_WARN_UNREACHABLE_CODE = YES;
				CLANG_WARN__DUPLICATE_METHOD_MATCH = YES;
				COPY_PHASE_STRIP = NO;
				DEBUG_INFORMATION_FORMAT = dwarf;
				ENABLE_STRICT_OBJC_MSGSEND = YES;
				ENABLE_TESTABILITY = YES;
				GCC_C_LANGUAGE_STANDARD = gnu11;
				GCC_DYNAMIC_NO_PIC = NO;
				GCC_NO_COMMON_BLOCKS = YES;
				GCC_OPTIMIZATION_LEVEL = 0;
				GCC_PREPROCESSOR_DEFINITIONS = (
					"DEBUG=1",
					"$(inherited)",
				);
				GCC_WARN_64_TO_32_BIT_CONVERSION = YES;
				GCC_WARN_ABOUT_RETURN_TYPE = YES_ERROR;
				GCC_WARN_UNDECLARED_SELECTOR = YES;
				GCC_WARN_UNINITIALIZED_AUTOS = YES_AGGRESSIVE;
				GCC_WARN_UNUSED_FUNCTION = YES;
				GCC_WARN_UNUSED_VARIABLE = YES;
				IPHONEOS_DEPLOYMENT_TARGET = 13.2;
				MTL_ENABLE_DEBUG_INFO = INCLUDE_SOURCE;
				MTL_FAST_MATH = YES;
				ONLY_ACTIVE_ARCH = YES;
				SDKROOT = iphoneos;
				SWIFT_ACTIVE_COMPILATION_CONDITIONS = DEBUG;
				SWIFT_OPTIMIZATION_LEVEL = "-Onone";
			};
			name = Debug;
		};
		7EA9E88F23978896005B2103 /* Release */ = {
			isa = XCBuildConfiguration;
			buildSettings = {
				ALWAYS_SEARCH_USER_PATHS = NO;
				CLANG_ANALYZER_NONNULL = YES;
				CLANG_ANALYZER_NUMBER_OBJECT_CONVERSION = YES_AGGRESSIVE;
				CLANG_CXX_LANGUAGE_STANDARD = "gnu++14";
				CLANG_CXX_LIBRARY = "libc++";
				CLANG_ENABLE_MODULES = YES;
				CLANG_ENABLE_OBJC_ARC = YES;
				CLANG_ENABLE_OBJC_WEAK = YES;
				CLANG_WARN_BLOCK_CAPTURE_AUTORELEASING = YES;
				CLANG_WARN_BOOL_CONVERSION = YES;
				CLANG_WARN_COMMA = YES;
				CLANG_WARN_CONSTANT_CONVERSION = YES;
				CLANG_WARN_DEPRECATED_OBJC_IMPLEMENTATIONS = YES;
				CLANG_WARN_DIRECT_OBJC_ISA_USAGE = YES_ERROR;
				CLANG_WARN_DOCUMENTATION_COMMENTS = YES;
				CLANG_WARN_EMPTY_BODY = YES;
				CLANG_WARN_ENUM_CONVERSION = YES;
				CLANG_WARN_INFINITE_RECURSION = YES;
				CLANG_WARN_INT_CONVERSION = YES;
				CLANG_WARN_NON_LITERAL_NULL_CONVERSION = YES;
				CLANG_WARN_OBJC_IMPLICIT_RETAIN_SELF = YES;
				CLANG_WARN_OBJC_LITERAL_CONVERSION = YES;
				CLANG_WARN_OBJC_ROOT_CLASS = YES_ERROR;
				CLANG_WARN_RANGE_LOOP_ANALYSIS = YES;
				CLANG_WARN_STRICT_PROTOTYPES = YES;
				CLANG_WARN_SUSPICIOUS_MOVE = YES;
				CLANG_WARN_UNGUARDED_AVAILABILITY = YES_AGGRESSIVE;
				CLANG_WARN_UNREACHABLE_CODE = YES;
				CLANG_WARN__DUPLICATE_METHOD_MATCH = YES;
				COPY_PHASE_STRIP = NO;
				DEBUG_INFORMATION_FORMAT = "dwarf-with-dsym";
				ENABLE_NS_ASSERTIONS = NO;
				ENABLE_STRICT_OBJC_MSGSEND = YES;
				GCC_C_LANGUAGE_STANDARD = gnu11;
				GCC_NO_COMMON_BLOCKS = YES;
				GCC_WARN_64_TO_32_BIT_CONVERSION = YES;
				GCC_WARN_ABOUT_RETURN_TYPE = YES_ERROR;
				GCC_WARN_UNDECLARED_SELECTOR = YES;
				GCC_WARN_UNINITIALIZED_AUTOS = YES_AGGRESSIVE;
				GCC_WARN_UNUSED_FUNCTION = YES;
				GCC_WARN_UNUSED_VARIABLE = YES;
				IPHONEOS_DEPLOYMENT_TARGET = 13.2;
				MTL_ENABLE_DEBUG_INFO = NO;
				MTL_FAST_MATH = YES;
				SDKROOT = iphoneos;
				SWIFT_COMPILATION_MODE = wholemodule;
				SWIFT_OPTIMIZATION_LEVEL = "-O";
				VALIDATE_PRODUCT = YES;
			};
			name = Release;
		};
		7EA9E89123978896005B2103 /* Debug */ = {
			isa = XCBuildConfiguration;
			buildSettings = {
				ASSETCATALOG_COMPILER_APPICON_NAME = AppIcon;
				CODE_SIGN_STYLE = Automatic;
				INFOPLIST_FILE = Party_Foul/Info.plist;
				LD_RUNPATH_SEARCH_PATHS = (
					"$(inherited)",
					"@executable_path/Frameworks",
				);
				PRODUCT_BUNDLE_IDENTIFIER = "com.csc690.Party-Foul";
				PRODUCT_NAME = "$(TARGET_NAME)";
				SWIFT_VERSION = 5.0;
				TARGETED_DEVICE_FAMILY = "1,2";
			};
			name = Debug;
		};
		7EA9E89223978896005B2103 /* Release */ = {
			isa = XCBuildConfiguration;
			buildSettings = {
				ASSETCATALOG_COMPILER_APPICON_NAME = AppIcon;
				CODE_SIGN_STYLE = Automatic;
				INFOPLIST_FILE = Party_Foul/Info.plist;
				LD_RUNPATH_SEARCH_PATHS = (
					"$(inherited)",
					"@executable_path/Frameworks",
				);
				PRODUCT_BUNDLE_IDENTIFIER = "com.csc690.Party-Foul";
				PRODUCT_NAME = "$(TARGET_NAME)";
				SWIFT_VERSION = 5.0;
				TARGETED_DEVICE_FAMILY = "1,2";
			};
			name = Release;
		};
/* End XCBuildConfiguration section */

/* Begin XCConfigurationList section */
		7EA9E87723978895005B2103 /* Build configuration list for PBXProject "Party_Foul" */ = {
			isa = XCConfigurationList;
			buildConfigurations = (
				7EA9E88E23978896005B2103 /* Debug */,
				7EA9E88F23978896005B2103 /* Release */,
			);
			defaultConfigurationIsVisible = 0;
			defaultConfigurationName = Release;
		};
		7EA9E89023978896005B2103 /* Build configuration list for PBXNativeTarget "Party_Foul" */ = {
			isa = XCConfigurationList;
			buildConfigurations = (
				7EA9E89123978896005B2103 /* Debug */,
				7EA9E89223978896005B2103 /* Release */,
			);
			defaultConfigurationIsVisible = 0;
			defaultConfigurationName = Release;
		};
/* End XCConfigurationList section */
	};
	rootObject = 7EA9E87423978895005B2103 /* Project object */;
}
